
Microsoft Visual Studio Solution File, Format Version 12.00
# Visual Studio Version 17
VisualStudioVersion = 17.3.32929.385
MinimumVisualStudioVersion = 10.0.40219.1
Project("{FAE04EC0-301F-11D3-BF4B-00C04F79EFBC}") = "APIMysql", "APIMysql\APIMysql.csproj", "{E9336A9D-1194-4BE2-81D1-7613B989EA32}"
EndProject
Global
	GlobalSection(SolutionConfigurationPlatforms) = preSolution
		Debug|Any CPU = Debug|Any CPU
		Release|Any CPU = Release|Any CPU
	EndGlobalSection
	GlobalSection(ProjectConfigurationPlatforms) = postSolution
		{E9336A9D-1194-4BE2-81D1-7613B989EA32}.Debug|Any CPU.ActiveCfg = Debug|Any CPU
		{E9336A9D-1194-4BE2-81D1-7613B989EA32}.Debug|Any CPU.Build.0 = Debug|Any CPU
		{E9336A9D-1194-4BE2-81D1-7613B989EA32}.Release|Any CPU.ActiveCfg = Release|Any CPU
		{E9336A9D-1194-4BE2-81D1-7613B989EA32}.Release|Any CPU.Build.0 = Release|Any CPU
	EndGlobalSection
	GlobalSection(SolutionProperties) = preSolution
		HideSolutionNode = FALSE
	EndGlobalSection
	GlobalSection(ExtensibilityGlobals) = postSolution
		SolutionGuid = {DB7A63B8-1FA1-41D0-A170-3D863C9B503B}
	EndGlobalSection
EndGlobal
